{
    "name": "QRcode（一个uniapp绘制二维码图案的组件）",
    "version": "1.0.1",
    "lockfileVersion": 3,
    "requires": true,
    "packages": {
        "": {
            "name": "QRcode（一个uniapp绘制二维码图案的组件）",
            "version": "1.0.1",
            "dependencies": {
                "@qiun/ucharts": "^2.5.0-20230101",
                "tki-qrcode": "^0.1.6"
            }
        },
        "node_modules/@qiun/ucharts": {
            "version": "2.5.0-20230101",
            "resolved": "https://registry.npmmirror.com/@qiun/ucharts/-/ucharts-2.5.0-20230101.tgz",
            "integrity": "sha512-C7ccBgfPuGF6dxTRuMW0NPPMSCf1k/kh3I9zkRVBc5PaivudX/rPL+jd2Wty6gn5ya5L3Ob+YmYe09V5xw66Cw==",
            "license": "Apache"
        },
        "node_modules/tki-qrcode": {
            "version": "0.1.6",
            "resolved": "https://registry.npmmirror.com/tki-qrcode/-/tki-qrcode-0.1.6.tgz",
            "integrity": "sha512-EnnlS8psowC7PsW3MDYcxvJYkuklX3WAZ/BYanR4TdBHTu74GfjTBX8Y16REP+AeDENiVtBPh4jtTRL2P736hQ==",
            "license": "MIT"
        }
    }
}
